
Microsoft Visual Studio Solution File, Format Version 12.00
# Visual Studio Version 17
VisualStudioVersion = 17.2.32519.379
MinimumVisualStudioVersion = 10.0.40219.1
Project("{FAE04EC0-301F-11D3-BF4B-00C04F79EFBC}") = "Keresus", "Keresus\Keresus.csproj", "{F66DDA38-14C9-401B-95FB-AFB513D95765}"
EndProject
Global
	GlobalSection(SolutionConfigurationPlatforms) = preSolution
		Debug|Any CPU = Debug|Any CPU
		Release|Any CPU = Release|Any CPU
	EndGlobalSection
	GlobalSection(ProjectConfigurationPlatforms) = postSolution
		{F66DDA38-14C9-401B-95FB-AFB513D95765}.Debug|Any CPU.ActiveCfg = Debug|Any CPU
		{F66DDA38-14C9-401B-95FB-AFB513D95765}.Debug|Any CPU.Build.0 = Debug|Any CPU
		{F66DDA38-14C9-401B-95FB-AFB513D95765}.Release|Any CPU.ActiveCfg = Release|Any CPU
		{F66DDA38-14C9-401B-95FB-AFB513D95765}.Release|Any CPU.Build.0 = Release|Any CPU
	EndGlobalSection
	GlobalSection(SolutionProperties) = preSolution
		HideSolutionNode = FALSE
	EndGlobalSection
	GlobalSection(ExtensibilityGlobals) = postSolution
		SolutionGuid = {C3C9A158-9B32-4F2E-B3ED-5CD07BF098F4}
	EndGlobalSection
EndGlobal
